// !$*UTF8*$!
{
	archiveVersion = 1;
	classes = {
	};
	objectVersion = 55;
	objects = {

/* Begin PBXBuildFile section */
		38E2285229A2DA7B000EA6D3 /* AppDelegate.swift in Sources */ = {isa = PBXBuildFile; fileRef = 38E2285129A2DA7B000EA6D3 /* AppDelegate.swift */; };
		38E2285429A2DA7B000EA6D3 /* SceneDelegate.swift in Sources */ = {isa = PBXBuildFile; fileRef = 38E2285329A2DA7B000EA6D3 /* SceneDelegate.swift */; };
		38E2285629A2DA7B000EA6D3 /* ViewController.swift in Sources */ = {isa = PBXBuildFile; fileRef = 38E2285529A2DA7B000EA6D3 /* ViewController.swift */; };
		38E2285929A2DA7B000EA6D3 /* Main.storyboard in Resources */ = {isa = PBXBuildFile; fileRef = 38E2285729A2DA7B000EA6D3 /* Main.storyboard */; };
		38E2285B29A2DA7C000EA6D3 /* Assets.xcassets in Resources */ = {isa = PBXBuildFile; fileRef = 38E2285A29A2DA7C000EA6D3 /* Assets.xcassets */; };
		38E2285E29A2DA7C000EA6D3 /* LaunchScreen.storyboard in Resources */ = {isa = PBXBuildFile; fileRef = 38E2285C29A2DA7C000EA6D3 /* LaunchScreen.storyboard */; };
		38E2286929A2DCC5000EA6D3 /* Constants.swift in Sources */ = {isa = PBXBuildFile; fileRef = 38E2286829A2DCC5000EA6D3 /* Constants.swift */; };
		67803F3ABE1E58C907592CED /* Pods_NEUStock.framework in Frameworks */ = {isa = PBXBuildFile; fileRef = AA7A4EB25CEE0223F392B332 /* Pods_NEUStock.framework */; };
/* End PBXBuildFile section */

/* Begin PBXFileReference section */
		0DA7090E9C730089B6780D52 /* Pods-NEUStock.release.xcconfig */ = {isa = PBXFileReference; includeInIndex = 1; lastKnownFileType = text.xcconfig; name = "Pods-NEUStock.release.xcconfig"; path = "Target Support Files/Pods-NEUStock/Pods-NEUStock.release.xcconfig"; sourceTree = "<group>"; };
		38E2284E29A2DA7B000EA6D3 /* NEUStock.app */ = {isa = PBXFileReference; explicitFileType = wrapper.application; includeInIndex = 0; path = NEUStock.app; sourceTree = BUILT_PRODUCTS_DIR; };
		38E2285129A2DA7B000EA6D3 /* AppDelegate.swift */ = {isa = PBXFileReference; lastKnownFileType = sourcecode.swift; path = AppDelegate.swift; sourceTree = "<group>"; };
		38E2285329A2DA7B000EA6D3 /* SceneDelegate.swift */ = {isa = PBXFileReference; lastKnownFileType = sourcecode.swift; path = SceneDelegate.swift; sourceTree = "<group>"; };
		38E2285529A2DA7B000EA6D3 /* ViewController.swift */ = {isa = PBXFileReference; lastKnownFileType = sourcecode.swift; path = ViewController.swift; sourceTree = "<group>"; };
		38E2285829A2DA7B000EA6D3 /* Base */ = {isa = PBXFileReference; lastKnownFileType = file.storyboard; name = Base; path = Base.lproj/Main.storyboard; sourceTree = "<group>"; };
		38E2285A29A2DA7C000EA6D3 /* Assets.xcassets */ = {isa = PBXFileReference; lastKnownFileType = folder.assetcatalog; path = Assets.xcassets; sourceTree = "<group>"; };
		38E2285D29A2DA7C000EA6D3 /* Base */ = {isa = PBXFileReference; lastKnownFileType = file.storyboard; name = Base; path = Base.lproj/LaunchScreen.storyboard; sourceTree = "<group>"; };
		38E2285F29A2DA7C000EA6D3 /* Info.plist */ = {isa = PBXFileReference; lastKnownFileType = text.plist.xml; path = Info.plist; sourceTree = "<group>"; };
		38E2286529A2DA8B000EA6D3 /* NEUStock.entitlements */ = {isa = PBXFileReference; lastKnownFileType = text.plist.entitlements; path = NEUStock.entitlements; sourceTree = "<group>"; };
		38E2286829A2DCC5000EA6D3 /* Constants.swift */ = {isa = PBXFileReference; lastKnownFileType = sourcecode.swift; path = Constants.swift; sourceTree = "<group>"; };
		5EE3C6EB12008F237C21668D /* Pods-NEUStock.debug.xcconfig */ = {isa = PBXFileReference; includeInIndex = 1; lastKnownFileType = text.xcconfig; name = "Pods-NEUStock.debug.xcconfig"; path = "Target Support Files/Pods-NEUStock/Pods-NEUStock.debug.xcconfig"; sourceTree = "<group>"; };
		AA7A4EB25CEE0223F392B332 /* Pods_NEUStock.framework */ = {isa = PBXFileReference; explicitFileType = wrapper.framework; includeInIndex = 0; path = Pods_NEUStock.framework; sourceTree = BUILT_PRODUCTS_DIR; };
/* End PBXFileReference section */

/* Begin PBXFrameworksBuildPhase section */
		38E2284B29A2DA7B000EA6D3 /* Frameworks */ = {
			isa = PBXFrameworksBuildPhase;
			buildActionMask = 2147483647;
			files = (
				67803F3ABE1E58C907592CED /* Pods_NEUStock.framework in Frameworks */,
			);
			runOnlyForDeploymentPostprocessing = 0;
		};
/* End PBXFrameworksBuildPhase section */

/* Begin PBXGroup section */
		1581920A650C990DE3295D9B /* Frameworks */ = {
			isa = PBXGroup;
			children = (
				AA7A4EB25CEE0223F392B332 /* Pods_NEUStock.framework */,
			);
			name = Frameworks;
			sourceTree = "<group>";
		};
		37A2D3131E20685A3E7B3BF1 /* Pods */ = {
			isa = PBXGroup;
			children = (
				5EE3C6EB12008F237C21668D /* Pods-NEUStock.debug.xcconfig */,
				0DA7090E9C730089B6780D52 /* Pods-NEUStock.release.xcconfig */,
			);
			name = Pods;
			path = Pods;
			sourceTree = "<group>";
		};
		38E2284529A2DA7B000EA6D3 = {
			isa = PBXGroup;
			children = (
				38E2285029A2DA7B000EA6D3 /* NEUStock */,
				38E2284F29A2DA7B000EA6D3 /* Products */,
				37A2D3131E20685A3E7B3BF1 /* Pods */,
				1581920A650C990DE3295D9B /* Frameworks */,
			);
			sourceTree = "<group>";
		};
		38E2284F29A2DA7B000EA6D3 /* Products */ = {
			isa = PBXGroup;
			children = (
				38E2284E29A2DA7B000EA6D3 /* NEUStock.app */,
			);
			name = Products;
			sourceTree = "<group>";
		};
		38E2285029A2DA7B000EA6D3 /* NEUStock */ = {
			isa = PBXGroup;
			children = (
				38E2286729A2DC83000EA6D3 /* Utils */,
				38E2286529A2DA8B000EA6D3 /* NEUStock.entitlements */,
				38E2285129A2DA7B000EA6D3 /* AppDelegate.swift */,
				38E2285329A2DA7B000EA6D3 /* SceneDelegate.swift */,
				38E2285529A2DA7B000EA6D3 /* ViewController.swift */,
				38E2285729A2DA7B000EA6D3 /* Main.storyboard */,
				38E2285A29A2DA7C000EA6D3 /* Assets.xcassets */,
				38E2285C29A2DA7C000EA6D3 /* LaunchScreen.storyboard */,
				38E2285F29A2DA7C000EA6D3 /* Info.plist */,
			);
			path = NEUStock;
			sourceTree = "<group>";
		};
		38E2286729A2DC83000EA6D3 /* Utils */ = {
			isa = PBXGroup;
			children = (
				38E2286829A2DCC5000EA6D3 /* Constants.swift */,
			);
			path = Utils;
			sourceTree = "<group>";
		};
/* End PBXGroup section */

/* Begin PBXNativeTarget section */
		38E2284D29A2DA7B000EA6D3 /* NEUStock */ = {
			isa = PBXNativeTarget;
			buildConfigurationList = 38E2286229A2DA7C000EA6D3 /* Build configuration list for PBXNativeTarget "NEUStock" */;
			buildPhases = (
				C88EB6746A4C98451E196898 /* [CP] Check Pods Manifest.lock */,
				38E2284A29A2DA7B000EA6D3 /* Sources */,
				38E2284B29A2DA7B000EA6D3 /* Frameworks */,
				38E2284C29A2DA7B000EA6D3 /* Resources */,
				3B21CC3AC98F0F1E4BC54738 /* [CP] Embed Pods Frameworks */,
			);
			buildRules = (
			);
			dependencies = (
			);
			name = NEUStock;
			productName = NEUStock;
			productReference = 38E2284E29A2DA7B000EA6D3 /* NEUStock.app */;
			productType = "com.apple.product-type.application";
		};
/* End PBXNativeTarget section */

/* Begin PBXProject section */
		38E2284629A2DA7B000EA6D3 /* Project object */ = {
			isa = PBXProject;
			attributes = {
				BuildIndependentTargetsInParallel = 1;
				LastSwiftUpdateCheck = 1310;
				LastUpgradeCheck = 1310;
				TargetAttributes = {
					38E2284D29A2DA7B000EA6D3 = {
						CreatedOnToolsVersion = 13.1;
					};
				};
			};
			buildConfigurationList = 38E2284929A2DA7B000EA6D3 /* Build configuration list for PBXProject "NEUStock" */;
			compatibilityVersion = "Xcode 13.0";
			developmentRegion = en;
			hasScannedForEncodings = 0;
			knownRegions = (
				en,
				Base,
			);
			mainGroup = 38E2284529A2DA7B000EA6D3;
			productRefGroup = 38E2284F29A2DA7B000EA6D3 /* Products */;
			projectDirPath = "";
			projectRoot = "";
			targets = (
				38E2284D29A2DA7B000EA6D3 /* NEUStock */,
			);
		};
/* End PBXProject section */

/* Begin PBXResourcesBuildPhase section */
		38E2284C29A2DA7B000EA6D3 /* Resources */ = {
			isa = PBXResourcesBuildPhase;
			buildActionMask = 2147483647;
			files = (
				38E2285E29A2DA7C000EA6D3 /* LaunchScreen.storyboard in Resources */,
				38E2285B29A2DA7C000EA6D3 /* Assets.xcassets in Resources */,
				38E2285929A2DA7B000EA6D3 /* Main.storyboard in Resources */,
			);
			runOnlyForDeploymentPostprocessing = 0;
		};
/* End PBXResourcesBuildPhase section */

/* Begin PBXShellScriptBuildPhase section */
		3B21CC3AC98F0F1E4BC54738 /* [CP] Embed Pods Frameworks */ = {
			isa = PBXShellScriptBuildPhase;
			buildActionMask = 2147483647;
			files = (
			);
			inputFileListPaths = (
				"${PODS_ROOT}/Target Support Files/Pods-NEUStock/Pods-NEUStock-frameworks-${CONFIGURATION}-input-files.xcfilelist",
			);
			name = "[CP] Embed Pods Frameworks";
			outputFileListPaths = (
				"${PODS_ROOT}/Target Support Files/Pods-NEUStock/Pods-NEUStock-frameworks-${CONFIGURATION}-output-files.xcfilelist",
			);
			runOnlyForDeploymentPostprocessing = 0;
			shellPath = /bin/sh;
			shellScript = "\"${PODS_ROOT}/Target Support Files/Pods-NEUStock/Pods-NEUStock-frameworks.sh\"\n";
			showEnvVarsInLog = 0;
		};
		C88EB6746A4C98451E196898 /* [CP] Check Pods Manifest.lock */ = {
			isa = PBXShellScriptBuildPhase;
			buildActionMask = 2147483647;
			files = (
			);
			inputFileListPaths = (
			);
			inputPaths = (
				"${PODS_PODFILE_DIR_PATH}/Podfile.lock",
				"${PODS_ROOT}/Manifest.lock",
			);
			name = "[CP] Check Pods Manifest.lock";
			outputFileListPaths = (
			);
			outputPaths = (
				"$(DERIVED_FILE_DIR)/Pods-NEUStock-checkManifestLockResult.txt",
			);
			runOnlyForDeploymentPostprocessing = 0;
			shellPath = /bin/sh;
			shellScript = "diff \"${PODS_PODFILE_DIR_PATH}/Podfile.lock\" \"${PODS_ROOT}/Manifest.lock\" > /dev/null\nif [ $? != 0 ] ; then\n    # print error to STDERR\n    echo \"error: The sandbox is not in sync with the Podfile.lock. Run 'pod install' or update your CocoaPods installation.\" >&2\n    exit 1\nfi\n# This output is used by Xcode 'outputs' to avoid re-running this script phase.\necho \"SUCCESS\" > \"${SCRIPT_OUTPUT_FILE_0}\"\n";
			showEnvVarsInLog = 0;
		};
/* End PBXShellScriptBuildPhase section */

/* Begin PBXSourcesBuildPhase section */
		38E2284A29A2DA7B000EA6D3 /* Sources */ = {
			isa = PBXSourcesBuildPhase;
			buildActionMask = 2147483647;
			files = (
				38E2285629A2DA7B000EA6D3 /* ViewController.swift in Sources */,
				38E2285229A2DA7B000EA6D3 /* AppDelegate.swift in Sources */,
				38E2285429A2DA7B000EA6D3 /* SceneDelegate.swift in Sources */,
				38E2286929A2DCC5000EA6D3 /* Constants.swift in Sources */,
			);
			runOnlyForDeploymentPostprocessing = 0;
		};
/* End PBXSourcesBuildPhase section */

/* Begin PBXVariantGroup section */
		38E2285729A2DA7B000EA6D3 /* Main.storyboard */ = {
			isa = PBXVariantGroup;
			children = (
				38E2285829A2DA7B000EA6D3 /* Base */,
			);
			name = Main.storyboard;
			sourceTree = "<group>";
		};
		38E2285C29A2DA7C000EA6D3 /* LaunchScreen.storyboard */ = {
			isa = PBXVariantGroup;
			children = (
				38E2285D29A2DA7C000EA6D3 /* Base */,
			);
			name = LaunchScreen.storyboard;
			sourceTree = "<group>";
		};
/* End PBXVariantGroup section */

/* Begin XCBuildConfiguration section */
		38E2286029A2DA7C000EA6D3 /* Debug */ = {
			isa = XCBuildConfiguration;
			buildSettings = {
				ALWAYS_SEARCH_USER_PATHS = NO;
				CLANG_ANALYZER_NONNULL = YES;
				CLANG_ANALYZER_NUMBER_OBJECT_CONVERSION = YES_AGGRESSIVE;
				CLANG_CXX_LANGUAGE_STANDARD = "gnu++17";
				CLANG_CXX_LIBRARY = "libc++";
				CLANG_ENABLE_MODULES = YES;
				CLANG_ENABLE_OBJC_ARC = YES;
				CLANG_ENABLE_OBJC_WEAK = YES;
				CLANG_WARN_BLOCK_CAPTURE_AUTORELEASING = YES;
				CLANG_WARN_BOOL_CONVERSION = YES;
				CLANG_WARN_COMMA = YES;
				CLANG_WARN_CONSTANT_CONVERSION = YES;
				CLANG_WARN_DEPRECATED_OBJC_IMPLEMENTATIONS = YES;
				CLANG_WARN_DIRECT_OBJC_ISA_USAGE = YES_ERROR;
				CLANG_WARN_DOCUMENTATION_COMMENTS = YES;
				CLANG_WARN_EMPTY_BODY = YES;
				CLANG_WARN_ENUM_CONVERSION = YES;
				CLANG_WARN_INFINITE_RECURSION = YES;
				CLANG_WARN_INT_CONVERSION = YES;
				CLANG_WARN_NON_LITERAL_NULL_CONVERSION = YES;
				CLANG_WARN_OBJC_IMPLICIT_RETAIN_SELF = YES;
				CLANG_WARN_OBJC_LITERAL_CONVERSION = YES;
				CLANG_WARN_OBJC_ROOT_CLASS = YES_ERROR;
				CLANG_WARN_QUOTED_INCLUDE_IN_FRAMEWORK_HEADER = YES;
				CLANG_WARN_RANGE_LOOP_ANALYSIS = YES;
				CLANG_WARN_STRICT_PROTOTYPES = YES;
				CLANG_WARN_SUSPICIOUS_MOVE = YES;
				CLANG_WARN_UNGUARDED_AVAILABILITY = YES_AGGRESSIVE;
				CLANG_WARN_UNREACHABLE_CODE = YES;
				CLANG_WARN__DUPLICATE_METHOD_MATCH = YES;
				COPY_PHASE_STRIP = NO;
				DEBUG_INFORMATION_FORMAT = dwarf;
				ENABLE_STRICT_OBJC_MSGSEND = YES;
				ENABLE_TESTABILITY = YES;
				GCC_C_LANGUAGE_STANDARD = gnu11;
				GCC_DYNAMIC_NO_PIC = NO;
				GCC_NO_COMMON_BLOCKS = YES;
				GCC_OPTIMIZATION_LEVEL = 0;
				GCC_PREPROCESSOR_DEFINITIONS = (
					"DEBUG=1",
					"$(inherited)",
				);
				GCC_WARN_64_TO_32_BIT_CONVERSION = YES;
				GCC_WARN_ABOUT_RETURN_TYPE = YES_ERROR;
				GCC_WARN_UNDECLARED_SELECTOR = YES;
				GCC_WARN_UNINITIALIZED_AUTOS = YES_AGGRESSIVE;
				GCC_WARN_UNUSED_FUNCTION = YES;
				GCC_WARN_UNUSED_VARIABLE = YES;
				IPHONEOS_DEPLOYMENT_TARGET = 15.0;
				MTL_ENABLE_DEBUG_INFO = INCLUDE_SOURCE;
				MTL_FAST_MATH = YES;
				ONLY_ACTIVE_ARCH = YES;
				SDKROOT = iphoneos;
				SWIFT_ACTIVE_COMPILATION_CONDITIONS = DEBUG;
				SWIFT_OPTIMIZATION_LEVEL = "-Onone";
			};
			name = Debug;
		};
		38E2286129A2DA7C000EA6D3 /* Release */ = {
			isa = XCBuildConfiguration;
			buildSettings = {
				ALWAYS_SEARCH_USER_PATHS = NO;
				CLANG_ANALYZER_NONNULL = YES;
				CLANG_ANALYZER_NUMBER_OBJECT_CONVERSION = YES_AGGRESSIVE;
				CLANG_CXX_LANGUAGE_STANDARD = "gnu++17";
				CLANG_CXX_LIBRARY = "libc++";
				CLANG_ENABLE_MODULES = YES;
				CLANG_ENABLE_OBJC_ARC = YES;
				CLANG_ENABLE_OBJC_WEAK = YES;
				CLANG_WARN_BLOCK_CAPTURE_AUTORELEASING = YES;
				CLANG_WARN_BOOL_CONVERSION = YES;
				CLANG_WARN_COMMA = YES;
				CLANG_WARN_CONSTANT_CONVERSION = YES;
				CLANG_WARN_DEPRECATED_OBJC_IMPLEMENTATIONS = YES;
				CLANG_WARN_DIRECT_OBJC_ISA_USAGE = YES_ERROR;
				CLANG_WARN_DOCUMENTATION_COMMENTS = YES;
				CLANG_WARN_EMPTY_BODY = YES;
				CLANG_WARN_ENUM_CONVERSION = YES;
				CLANG_WARN_INFINITE_RECURSION = YES;
				CLANG_WARN_INT_CONVERSION = YES;
				CLANG_WARN_NON_LITERAL_NULL_CONVERSION = YES;
				CLANG_WARN_OBJC_IMPLICIT_RETAIN_SELF = YES;
				CLANG_WARN_OBJC_LITERAL_CONVERSION = YES;
				CLANG_WARN_OBJC_ROOT_CLASS = YES_ERROR;
				CLANG_WARN_QUOTED_INCLUDE_IN_FRAMEWORK_HEADER = YES;
				CLANG_WARN_RANGE_LOOP_ANALYSIS = YES;
				CLANG_WARN_STRICT_PROTOTYPES = YES;
				CLANG_WARN_SUSPICIOUS_MOVE = YES;
				CLANG_WARN_UNGUARDED_AVAILABILITY = YES_AGGRESSIVE;
				CLANG_WARN_UNREACHABLE_CODE = YES;
				CLANG_WARN__DUPLICATE_METHOD_MATCH = YES;
				COPY_PHASE_STRIP = NO;
				DEBUG_INFORMATION_FORMAT = "dwarf-with-dsym";
				ENABLE_NS_ASSERTIONS = NO;
				ENABLE_STRICT_OBJC_MSGSEND = YES;
				GCC_C_LANGUAGE_STANDARD = gnu11;
				GCC_NO_COMMON_BLOCKS = YES;
				GCC_WARN_64_TO_32_BIT_CONVERSION = YES;
				GCC_WARN_ABOUT_RETURN_TYPE = YES_ERROR;
				GCC_WARN_UNDECLARED_SELECTOR = YES;
				GCC_WARN_UNINITIALIZED_AUTOS = YES_AGGRESSIVE;
				GCC_WARN_UNUSED_FUNCTION = YES;
				GCC_WARN_UNUSED_VARIABLE = YES;
				IPHONEOS_DEPLOYMENT_TARGET = 15.0;
				MTL_ENABLE_DEBUG_INFO = NO;
				MTL_FAST_MATH = YES;
				SDKROOT = iphoneos;
				SWIFT_COMPILATION_MODE = wholemodule;
				SWIFT_OPTIMIZATION_LEVEL = "-O";
				VALIDATE_PRODUCT = YES;
			};
			name = Release;
		};
		38E2286329A2DA7C000EA6D3 /* Debug */ = {
			isa = XCBuildConfiguration;
			baseConfigurationReference = 5EE3C6EB12008F237C21668D /* Pods-NEUStock.debug.xcconfig */;
			buildSettings = {
				ASSETCATALOG_COMPILER_APPICON_NAME = AppIcon;
				ASSETCATALOG_COMPILER_GLOBAL_ACCENT_COLOR_NAME = AccentColor;
				CODE_SIGN_ENTITLEMENTS = NEUStock/NEUStock.entitlements;
				CODE_SIGN_STYLE = Automatic;
				CURRENT_PROJECT_VERSION = 1;
				DEVELOPMENT_TEAM = LZBWK92CRA;
				GENERATE_INFOPLIST_FILE = YES;
				INFOPLIST_FILE = NEUStock/Info.plist;
				INFOPLIST_KEY_UIApplicationSupportsIndirectInputEvents = YES;
				INFOPLIST_KEY_UILaunchStoryboardName = LaunchScreen;
				INFOPLIST_KEY_UIMainStoryboardFile = Main;
				INFOPLIST_KEY_UISupportedInterfaceOrientations_iPad = "UIInterfaceOrientationPortrait UIInterfaceOrientationPortraitUpsideDown UIInterfaceOrientationLandscapeLeft UIInterfaceOrientationLandscapeRight";
				INFOPLIST_KEY_UISupportedInterfaceOrientations_iPhone = "UIInterfaceOrientationPortrait UIInterfaceOrientationLandscapeLeft UIInterfaceOrientationLandscapeRight";
				IPHONEOS_DEPLOYMENT_TARGET = 15.0;
				LD_RUNPATH_SEARCH_PATHS = (
					"$(inherited)",
					"@executable_path/Frameworks",
				);
				MARKETING_VERSION = 1.0;
				PRODUCT_BUNDLE_IDENTIFIER = edu.northeastern.bolin.NEUStock;
				PRODUCT_NAME = "$(TARGET_NAME)";
				SUPPORTS_MACCATALYST = YES;
				SWIFT_EMIT_LOC_STRINGS = YES;
				SWIFT_VERSION = 5.0;
				TARGETED_DEVICE_FAMILY = "1,2";
			};
			name = Debug;
		};
		38E2286429A2DA7C000EA6D3 /* Release */ = {
			isa = XCBuildConfiguration;
			baseConfigurationReference = 0DA7090E9C730089B6780D52 /* Pods-NEUStock.release.xcconfig */;
			buildSettings = {
				ASSETCATALOG_COMPILER_APPICON_NAME = AppIcon;
				ASSETCATALOG_COMPILER_GLOBAL_ACCENT_COLOR_NAME = AccentColor;
				CODE_SIGN_ENTITLEMENTS = NEUStock/NEUStock.entitlements;
				CODE_SIGN_STYLE = Automatic;
				CURRENT_PROJECT_VERSION = 1;
				DEVELOPMENT_TEAM = LZBWK92CRA;
				GENERATE_INFOPLIST_FILE = YES;
				INFOPLIST_FILE = NEUStock/Info.plist;
				INFOPLIST_KEY_UIApplicationSupportsIndirectInputEvents = YES;
				INFOPLIST_KEY_UILaunchStoryboardName = LaunchScreen;
				INFOPLIST_KEY_UIMainStoryboardFile = Main;
				INFOPLIST_KEY_UISupportedInterfaceOrientations_iPad = "UIInterfaceOrientationPortrait UIInterfaceOrientationPortraitUpsideDown UIInterfaceOrientationLandscapeLeft UIInterfaceOrientationLandscapeRight";
				INFOPLIST_KEY_UISupportedInterfaceOrientations_iPhone = "UIInterfaceOrientationPortrait UIInterfaceOrientationLandscapeLeft UIInterfaceOrientationLandscapeRight";
				IPHONEOS_DEPLOYMENT_TARGET = 15.0;
				LD_RUNPATH_SEARCH_PATHS = (
					"$(inherited)",
					"@executable_path/Frameworks",
				);
				MARKETING_VERSION = 1.0;
				PRODUCT_BUNDLE_IDENTIFIER = edu.northeastern.bolin.NEUStock;
				PRODUCT_NAME = "$(TARGET_NAME)";
				SUPPORTS_MACCATALYST = YES;
				SWIFT_EMIT_LOC_STRINGS = YES;
				SWIFT_VERSION = 5.0;
				TARGETED_DEVICE_FAMILY = "1,2";
			};
			name = Release;
		};
/* End XCBuildConfiguration section */

/* Begin XCConfigurationList section */
		38E2284929A2DA7B000EA6D3 /* Build configuration list for PBXProject "NEUStock" */ = {
			isa = XCConfigurationList;
			buildConfigurations = (
				38E2286029A2DA7C000EA6D3 /* Debug */,
				38E2286129A2DA7C000EA6D3 /* Release */,
			);
			defaultConfigurationIsVisible = 0;
			defaultConfigurationName = Release;
		};
		38E2286229A2DA7C000EA6D3 /* Build configuration list for PBXNativeTarget "NEUStock" */ = {
			isa = XCConfigurationList;
			buildConfigurations = (
				38E2286329A2DA7C000EA6D3 /* Debug */,
				38E2286429A2DA7C000EA6D3 /* Release */,
			);
			defaultConfigurationIsVisible = 0;
			defaultConfigurationName = Release;
		};
/* End XCConfigurationList section */
	};
	rootObject = 38E2284629A2DA7B000EA6D3 /* Project object */;
}
